Microsoft Visual Studio Solution File, Format Version 8.00
Project("{8BC9CEB8-8B4A-11D0-8D11-00A0C91BC942}") = "antimony2sbml", "antimony2sbml.vcproj", "{BBFFE9C0-FD04-3EB1-A397-93B5A59AECA4}"
	ProjectSection(ProjectDependencies) = postProject
	EndProjectSection
EndProject
Project("{8BC9CEB8-8B4A-11D0-8D11-00A0C91BC942}") = "sbml2antimony", "sbml2antimony.vcproj", "{8EBAE581-8880-3E1F-BFF3-3B55F666550F}"
	ProjectSection(ProjectDependencies) = postProject
	EndProjectSection
EndProject
Project("{8BC9CEB8-8B4A-11D0-8D11-00A0C91BC942}") = "antimony", "Antimony.vcproj", "{B07C2A57-B802-37B2-9F13-149A1763DE90}"
	ProjectSection(ProjectDependencies) = postProject
	EndProjectSection
EndProject
Global
	GlobalSection(SolutionConfiguration) = preSolution
		Debug = Debug
		Release = Release
	EndGlobalSection
	GlobalSection(ProjectDependencies) = postSolution
	EndGlobalSection
	GlobalSection(ProjectConfiguration) = postSolution
		{BBFFE9C0-FD04-3EB1-A397-93B5A59AECA4}.Debug.ActiveCfg = Debug|Win32
		{BBFFE9C0-FD04-3EB1-A397-93B5A59AECA4}.Debug.Build.0 = Debug|Win32
		{BBFFE9C0-FD04-3EB1-A397-93B5A59AECA4}.Release.ActiveCfg = Release|Win32
		{BBFFE9C0-FD04-3EB1-A397-93B5A59AECA4}.Release.Build.0 = Release|Win32
		{8EBAE581-8880-3E1F-BFF3-3B55F666550F}.Debug.ActiveCfg = Debug|Win32
		{8EBAE581-8880-3E1F-BFF3-3B55F666550F}.Debug.Build.0 = Debug|Win32
		{8EBAE581-8880-3E1F-BFF3-3B55F666550F}.Release.ActiveCfg = Release|Win32
		{8EBAE581-8880-3E1F-BFF3-3B55F666550F}.Release.Build.0 = Release|Win32
		{B07C2A57-B802-37B2-9F13-149A1763DE90}.Debug.ActiveCfg = Debug|Win32
		{B07C2A57-B802-37B2-9F13-149A1763DE90}.Debug.Build.0 = Debug|Win32
		{B07C2A57-B802-37B2-9F13-149A1763DE90}.Release.ActiveCfg = Release|Win32
		{B07C2A57-B802-37B2-9F13-149A1763DE90}.Release.Build.0 = Release|Win32
	EndGlobalSection
	GlobalSection(ExtensibilityGlobals) = postSolution
	EndGlobalSection
	GlobalSection(ExtensibilityAddIns) = postSolution
	EndGlobalSection
EndGlobal
